
Microsoft Visual Studio Solution File, Format Version 12.00
# Visual Studio Version 17
VisualStudioVersion = 17.0.31903.59
MinimumVisualStudioVersion = 10.0.40219.1
Project("{FAE04EC0-301F-11D3-BF4B-00C04F79EFBC}") = "WebAPI", "WebAPI\WebAPI.csproj", "{9F598510-3C28-44D0-A329-C6C392873102}"
EndProject
Project("{FAE04EC0-301F-11D3-BF4B-00C04F79EFBC}") = "Domain", "Domain\Domain.csproj", "{CDB58784-092A-4EC4-8BEF-A4937ABF9F76}"
EndProject
Project("{FAE04EC0-301F-11D3-BF4B-00C04F79EFBC}") = "Application", "Application\Application.csproj", "{A79510BE-5160-48CE-9491-259773CBB193}"
EndProject
Project("{FAE04EC0-301F-11D3-BF4B-00C04F79EFBC}") = "Infrastructure", "Infrastructure\Infrastructure.csproj", "{61AE4B05-C4B5-4665-B556-81C917ABF4CF}"
EndProject
Project("{FAE04EC0-301F-11D3-BF4B-00C04F79EFBC}") = "Tests", "Tests\Tests.csproj", "{0BBCD3CB-056E-46B3-AC24-DA5F4687641F}"
EndProject
Project("{FAE04EC0-301F-11D3-BF4B-00C04F79EFBC}") = "Common", "Common\Common.csproj", "{0149D8B5-DD61-4819-B9F9-CAF7A38226CE}"
EndProject
Global
	GlobalSection(SolutionConfigurationPlatforms) = preSolution
		Debug|Any CPU = Debug|Any CPU
		Release|Any CPU = Release|Any CPU
	EndGlobalSection
	GlobalSection(SolutionProperties) = preSolution
		HideSolutionNode = FALSE
	EndGlobalSection
	GlobalSection(ProjectConfigurationPlatforms) = postSolution
		{9F598510-3C28-44D0-A329-C6C392873102}.Debug|Any CPU.ActiveCfg = Debug|Any CPU
		{9F598510-3C28-44D0-A329-C6C392873102}.Debug|Any CPU.Build.0 = Debug|Any CPU
		{9F598510-3C28-44D0-A329-C6C392873102}.Release|Any CPU.ActiveCfg = Release|Any CPU
		{9F598510-3C28-44D0-A329-C6C392873102}.Release|Any CPU.Build.0 = Release|Any CPU
		{CDB58784-092A-4EC4-8BEF-A4937ABF9F76}.Debug|Any CPU.ActiveCfg = Debug|Any CPU
		{CDB58784-092A-4EC4-8BEF-A4937ABF9F76}.Debug|Any CPU.Build.0 = Debug|Any CPU
		{CDB58784-092A-4EC4-8BEF-A4937ABF9F76}.Release|Any CPU.ActiveCfg = Release|Any CPU
		{CDB58784-092A-4EC4-8BEF-A4937ABF9F76}.Release|Any CPU.Build.0 = Release|Any CPU
		{A79510BE-5160-48CE-9491-259773CBB193}.Debug|Any CPU.ActiveCfg = Debug|Any CPU
		{A79510BE-5160-48CE-9491-259773CBB193}.Debug|Any CPU.Build.0 = Debug|Any CPU
		{A79510BE-5160-48CE-9491-259773CBB193}.Release|Any CPU.ActiveCfg = Release|Any CPU
		{A79510BE-5160-48CE-9491-259773CBB193}.Release|Any CPU.Build.0 = Release|Any CPU
		{61AE4B05-C4B5-4665-B556-81C917ABF4CF}.Debug|Any CPU.ActiveCfg = Debug|Any CPU
		{61AE4B05-C4B5-4665-B556-81C917ABF4CF}.Debug|Any CPU.Build.0 = Debug|Any CPU
		{61AE4B05-C4B5-4665-B556-81C917ABF4CF}.Release|Any CPU.ActiveCfg = Release|Any CPU
		{61AE4B05-C4B5-4665-B556-81C917ABF4CF}.Release|Any CPU.Build.0 = Release|Any CPU
		{0BBCD3CB-056E-46B3-AC24-DA5F4687641F}.Debug|Any CPU.ActiveCfg = Debug|Any CPU
		{0BBCD3CB-056E-46B3-AC24-DA5F4687641F}.Debug|Any CPU.Build.0 = Debug|Any CPU
		{0BBCD3CB-056E-46B3-AC24-DA5F4687641F}.Release|Any CPU.ActiveCfg = Release|Any CPU
		{0BBCD3CB-056E-46B3-AC24-DA5F4687641F}.Release|Any CPU.Build.0 = Release|Any CPU
		{0149D8B5-DD61-4819-B9F9-CAF7A38226CE}.Debug|Any CPU.ActiveCfg = Debug|Any CPU
		{0149D8B5-DD61-4819-B9F9-CAF7A38226CE}.Debug|Any CPU.Build.0 = Debug|Any CPU
		{0149D8B5-DD61-4819-B9F9-CAF7A38226CE}.Release|Any CPU.ActiveCfg = Release|Any CPU
		{0149D8B5-DD61-4819-B9F9-CAF7A38226CE}.Release|Any CPU.Build.0 = Release|Any CPU
	EndGlobalSection
EndGlobal
